// !$*UTF8*$!
{
	archiveVersion = 1;
	classes = {
	};
	objectVersion = 48;
	objects = {

/* Begin PBXBuildFile section */
		57F2778B206F55B1008ABD08 /* AppDelegate.swift in Sources */ = {isa = PBXBuildFile; fileRef = 57F2778A206F55B1008ABD08 /* AppDelegate.swift */; };
		57F2778D206F55B1008ABD08 /* RecordSoundsViewController.swift in Sources */ = {isa = PBXBuildFile; fileRef = 57F2778C206F55B1008ABD08 /* RecordSoundsViewController.swift */; };
		57F27790206F55B1008ABD08 /* Main.storyboard in Resources */ = {isa = PBXBuildFile; fileRef = 57F2778E206F55B1008ABD08 /* Main.storyboard */; };
		57F27792206F55B1008ABD08 /* Assets.xcassets in Resources */ = {isa = PBXBuildFile; fileRef = 57F27791206F55B1008ABD08 /* Assets.xcassets */; };
		57F27795206F55B1008ABD08 /* LaunchScreen.storyboard in Resources */ = {isa = PBXBuildFile; fileRef = 57F27793206F55B1008ABD08 /* LaunchScreen.storyboard */; };
		57F2779D207156A1008ABD08 /* PlaySoundsViewController.swift in Sources */ = {isa = PBXBuildFile; fileRef = 57F2779C207156A1008ABD08 /* PlaySoundsViewController.swift */; };
		57F2779F2071F8F7008ABD08 /* PlaySoundsViewController+Audio.swift in Sources */ = {isa = PBXBuildFile; fileRef = 57F2779E2071F8F7008ABD08 /* PlaySoundsViewController+Audio.swift */; };
/* End PBXBuildFile section */

/* Begin PBXFileReference section */
		57F27787206F55B1008ABD08 /* PitchPerfect.app */ = {isa = PBXFileReference; explicitFileType = wrapper.application; includeInIndex = 0; path = PitchPerfect.app; sourceTree = BUILT_PRODUCTS_DIR; };
		57F2778A206F55B1008ABD08 /* AppDelegate.swift */ = {isa = PBXFileReference; lastKnownFileType = sourcecode.swift; path = AppDelegate.swift; sourceTree = "<group>"; };
		57F2778C206F55B1008ABD08 /* RecordSoundsViewController.swift */ = {isa = PBXFileReference; lastKnownFileType = sourcecode.swift; path = RecordSoundsViewController.swift; sourceTree = "<group>"; };
		57F2778F206F55B1008ABD08 /* Base */ = {isa = PBXFileReference; lastKnownFileType = file.storyboard; name = Base; path = Base.lproj/Main.storyboard; sourceTree = "<group>"; };
		57F27791206F55B1008ABD08 /* Assets.xcassets */ = {isa = PBXFileReference; lastKnownFileType = folder.assetcatalog; path = Assets.xcassets; sourceTree = "<group>"; };
		57F27794206F55B1008ABD08 /* Base */ = {isa = PBXFileReference; lastKnownFileType = file.storyboard; name = Base; path = Base.lproj/LaunchScreen.storyboard; sourceTree = "<group>"; };
		57F27796206F55B1008ABD08 /* Info.plist */ = {isa = PBXFileReference; lastKnownFileType = text.plist.xml; path = Info.plist; sourceTree = "<group>"; };
		57F2779C207156A1008ABD08 /* PlaySoundsViewController.swift */ = {isa = PBXFileReference; lastKnownFileType = sourcecode.swift; path = PlaySoundsViewController.swift; sourceTree = "<group>"; };
		57F2779E2071F8F7008ABD08 /* PlaySoundsViewController+Audio.swift */ = {isa = PBXFileReference; lastKnownFileType = sourcecode.swift; path = "PlaySoundsViewController+Audio.swift"; sourceTree = "<group>"; };
/* End PBXFileReference section */

/* Begin PBXFrameworksBuildPhase section */
		57F27784206F55B1008ABD08 /* Frameworks */ = {
			isa = PBXFrameworksBuildPhase;
			buildActionMask = 2147483647;
			files = (
			);
			runOnlyForDeploymentPostprocessing = 0;
		};
/* End PBXFrameworksBuildPhase section */

/* Begin PBXGroup section */
		5741FCCB2073232800A7EC02 /* Supporting Files */ = {
			isa = PBXGroup;
			children = (
				57F27791206F55B1008ABD08 /* Assets.xcassets */,
				57F27796206F55B1008ABD08 /* Info.plist */,
			);
			path = "Supporting Files";
			sourceTree = "<group>";
		};
		5741FCCC2073235600A7EC02 /* Views */ = {
			isa = PBXGroup;
			children = (
				57F2778E206F55B1008ABD08 /* Main.storyboard */,
				57F27793206F55B1008ABD08 /* LaunchScreen.storyboard */,
			);
			path = Views;
			sourceTree = "<group>";
		};
		5741FCCD2073236900A7EC02 /* Controllers */ = {
			isa = PBXGroup;
			children = (
				57F2778C206F55B1008ABD08 /* RecordSoundsViewController.swift */,
				57F2779C207156A1008ABD08 /* PlaySoundsViewController.swift */,
				57F2779E2071F8F7008ABD08 /* PlaySoundsViewController+Audio.swift */,
			);
			path = Controllers;
			sourceTree = "<group>";
		};
		57F2777E206F55B1008ABD08 = {
			isa = PBXGroup;
			children = (
				57F27789206F55B1008ABD08 /* PitchPerfect */,
				57F27788206F55B1008ABD08 /* Products */,
			);
			sourceTree = "<group>";
		};
		57F27788206F55B1008ABD08 /* Products */ = {
			isa = PBXGroup;
			children = (
				57F27787206F55B1008ABD08 /* PitchPerfect.app */,
			);
			name = Products;
			sourceTree = "<group>";
		};
		57F27789206F55B1008ABD08 /* PitchPerfect */ = {
			isa = PBXGroup;
			children = (
				57F2778A206F55B1008ABD08 /* AppDelegate.swift */,
				5741FCCD2073236900A7EC02 /* Controllers */,
				5741FCCC2073235600A7EC02 /* Views */,
				5741FCCB2073232800A7EC02 /* Supporting Files */,
			);
			path = PitchPerfect;
			sourceTree = "<group>";
		};
/* End PBXGroup section */

/* Begin PBXNativeTarget section */
		57F27786206F55B1008ABD08 /* PitchPerfect */ = {
			isa = PBXNativeTarget;
			buildConfigurationList = 57F27799206F55B1008ABD08 /* Build configuration list for PBXNativeTarget "PitchPerfect" */;
			buildPhases = (
				57F27783206F55B1008ABD08 /* Sources */,
				57F27784206F55B1008ABD08 /* Frameworks */,
				57F27785206F55B1008ABD08 /* Resources */,
			);
			buildRules = (
			);
			dependencies = (
			);
			name = PitchPerfect;
			productName = PitchPerfect;
			productReference = 57F27787206F55B1008ABD08 /* PitchPerfect.app */;
			productType = "com.apple.product-type.application";
		};
/* End PBXNativeTarget section */

/* Begin PBXProject section */
		57F2777F206F55B1008ABD08 /* Project object */ = {
			isa = PBXProject;
			attributes = {
				LastSwiftUpdateCheck = 0920;
				LastUpgradeCheck = 0920;
				ORGANIZATIONNAME = kodechamp;
				TargetAttributes = {
					57F27786206F55B1008ABD08 = {
						CreatedOnToolsVersion = 9.2;
						ProvisioningStyle = Automatic;
					};
				};
			};
			buildConfigurationList = 57F27782206F55B1008ABD08 /* Build configuration list for PBXProject "PitchPerfect" */;
			compatibilityVersion = "Xcode 8.0";
			developmentRegion = en;
			hasScannedForEncodings = 0;
			knownRegions = (
				en,
				Base,
			);
			mainGroup = 57F2777E206F55B1008ABD08;
			productRefGroup = 57F27788206F55B1008ABD08 /* Products */;
			projectDirPath = "";
			projectRoot = "";
			targets = (
				57F27786206F55B1008ABD08 /* PitchPerfect */,
			);
		};
/* End PBXProject section */

/* Begin PBXResourcesBuildPhase section */
		57F27785206F55B1008ABD08 /* Resources */ = {
			isa = PBXResourcesBuildPhase;
			buildActionMask = 2147483647;
			files = (
				57F27795206F55B1008ABD08 /* LaunchScreen.storyboard in Resources */,
				57F27792206F55B1008ABD08 /* Assets.xcassets in Resources */,
				57F27790206F55B1008ABD08 /* Main.storyboard in Resources */,
			);
			runOnlyForDeploymentPostprocessing = 0;
		};
/* End PBXResourcesBuildPhase section */

/* Begin PBXSourcesBuildPhase section */
		57F27783206F55B1008ABD08 /* Sources */ = {
			isa = PBXSourcesBuildPhase;
			buildActionMask = 2147483647;
			files = (
				57F2778D206F55B1008ABD08 /* RecordSoundsViewController.swift in Sources */,
				57F2779F2071F8F7008ABD08 /* PlaySoundsViewController+Audio.swift in Sources */,
				57F2779D207156A1008ABD08 /* PlaySoundsViewController.swift in Sources */,
				57F2778B206F55B1008ABD08 /* AppDelegate.swift in Sources */,
			);
			runOnlyForDeploymentPostprocessing = 0;
		};
/* End PBXSourcesBuildPhase section */

/* Begin PBXVariantGroup section */
		57F2778E206F55B1008ABD08 /* Main.storyboard */ = {
			isa = PBXVariantGroup;
			children = (
				57F2778F206F55B1008ABD08 /* Base */,
			);
			name = Main.storyboard;
			sourceTree = "<group>";
		};
		57F27793206F55B1008ABD08 /* LaunchScreen.storyboard */ = {
			isa = PBXVariantGroup;
			children = (
				57F27794206F55B1008ABD08 /* Base */,
			);
			name = LaunchScreen.storyboard;
			sourceTree = "<group>";
		};
/* End PBXVariantGroup section */

/* Begin XCBuildConfiguration section */
		57F27797206F55B1008ABD08 /* Debug */ = {
			isa = XCBuildConfiguration;
			buildSettings = {
				ALWAYS_SEARCH_USER_PATHS = NO;
				CLANG_ANALYZER_NONNULL = YES;
				CLANG_ANALYZER_NUMBER_OBJECT_CONVERSION = YES_AGGRESSIVE;
				CLANG_CXX_LANGUAGE_STANDARD = "gnu++14";
				CLANG_CXX_LIBRARY = "libc++";
				CLANG_ENABLE_MODULES = YES;
				CLANG_ENABLE_OBJC_ARC = YES;
				CLANG_WARN_BLOCK_CAPTURE_AUTORELEASING = YES;
				CLANG_WARN_BOOL_CONVERSION = YES;
				CLANG_WARN_COMMA = YES;
				CLANG_WARN_CONSTANT_CONVERSION = YES;
				CLANG_WARN_DIRECT_OBJC_ISA_USAGE = YES_ERROR;
				CLANG_WARN_DOCUMENTATION_COMMENTS = YES;
				CLANG_WARN_EMPTY_BODY = YES;
				CLANG_WARN_ENUM_CONVERSION = YES;
				CLANG_WARN_INFINITE_RECURSION = YES;
				CLANG_WARN_INT_CONVERSION = YES;
				CLANG_WARN_NON_LITERAL_NULL_CONVERSION = YES;
				CLANG_WARN_OBJC_LITERAL_CONVERSION = YES;
				CLANG_WARN_OBJC_ROOT_CLASS = YES_ERROR;
				CLANG_WARN_RANGE_LOOP_ANALYSIS = YES;
				CLANG_WARN_STRICT_PROTOTYPES = YES;
				CLANG_WARN_SUSPICIOUS_MOVE = YES;
				CLANG_WARN_UNGUARDED_AVAILABILITY = YES_AGGRESSIVE;
				CLANG_WARN_UNREACHABLE_CODE = YES;
				CLANG_WARN__DUPLICATE_METHOD_MATCH = YES;
				CODE_SIGN_IDENTITY = "iPhone Developer";
				COPY_PHASE_STRIP = NO;
				DEBUG_INFORMATION_FORMAT = dwarf;
				ENABLE_STRICT_OBJC_MSGSEND = YES;
				ENABLE_TESTABILITY = YES;
				GCC_C_LANGUAGE_STANDARD = gnu11;
				GCC_DYNAMIC_NO_PIC = NO;
				GCC_NO_COMMON_BLOCKS = YES;
				GCC_OPTIMIZATION_LEVEL = 0;
				GCC_PREPROCESSOR_DEFINITIONS = (
					"DEBUG=1",
					"$(inherited)",
				);
				GCC_WARN_64_TO_32_BIT_CONVERSION = YES;
				GCC_WARN_ABOUT_RETURN_TYPE = YES_ERROR;
				GCC_WARN_UNDECLARED_SELECTOR = YES;
				GCC_WARN_UNINITIALIZED_AUTOS = YES_AGGRESSIVE;
				GCC_WARN_UNUSED_FUNCTION = YES;
				GCC_WARN_UNUSED_VARIABLE = YES;
				IPHONEOS_DEPLOYMENT_TARGET = 11.2;
				MTL_ENABLE_DEBUG_INFO = YES;
				ONLY_ACTIVE_ARCH = YES;
				SDKROOT = iphoneos;
				SWIFT_ACTIVE_COMPILATION_CONDITIONS = DEBUG;
				SWIFT_OPTIMIZATION_LEVEL = "-Onone";
			};
			name = Debug;
		};
		57F27798206F55B1008ABD08 /* Release */ = {
			isa = XCBuildConfiguration;
			buildSettings = {
				ALWAYS_SEARCH_USER_PATHS = NO;
				CLANG_ANALYZER_NONNULL = YES;
				CLANG_ANALYZER_NUMBER_OBJECT_CONVERSION = YES_AGGRESSIVE;
				CLANG_CXX_LANGUAGE_STANDARD = "gnu++14";
				CLANG_CXX_LIBRARY = "libc++";
				CLANG_ENABLE_MODULES = YES;
				CLANG_ENABLE_OBJC_ARC = YES;
				CLANG_WARN_BLOCK_CAPTURE_AUTORELEASING = YES;
				CLANG_WARN_BOOL_CONVERSION = YES;
				CLANG_WARN_COMMA = YES;
				CLANG_WARN_CONSTANT_CONVERSION = YES;
				CLANG_WARN_DIRECT_OBJC_ISA_USAGE = YES_ERROR;
				CLANG_WARN_DOCUMENTATION_COMMENTS = YES;
				CLANG_WARN_EMPTY_BODY = YES;
				CLANG_WARN_ENUM_CONVERSION = YES;
				CLANG_WARN_INFINITE_RECURSION = YES;
				CLANG_WARN_INT_CONVERSION = YES;
				CLANG_WARN_NON_LITERAL_NULL_CONVERSION = YES;
				CLANG_WARN_OBJC_LITERAL_CONVERSION = YES;
				CLANG_WARN_OBJC_ROOT_CLASS = YES_ERROR;
				CLANG_WARN_RANGE_LOOP_ANALYSIS = YES;
				CLANG_WARN_STRICT_PROTOTYPES = YES;
				CLANG_WARN_SUSPICIOUS_MOVE = YES;
				CLANG_WARN_UNGUARDED_AVAILABILITY = YES_AGGRESSIVE;
				CLANG_WARN_UNREACHABLE_CODE = YES;
				CLANG_WARN__DUPLICATE_METHOD_MATCH = YES;
				CODE_SIGN_IDENTITY = "iPhone Developer";
				COPY_PHASE_STRIP = NO;
				DEBUG_INFORMATION_FORMAT = "dwarf-with-dsym";
				ENABLE_NS_ASSERTIONS = NO;
				ENABLE_STRICT_OBJC_MSGSEND = YES;
				GCC_C_LANGUAGE_STANDARD = gnu11;
				GCC_NO_COMMON_BLOCKS = YES;
				GCC_WARN_64_TO_32_BIT_CONVERSION = YES;
				GCC_WARN_ABOUT_RETURN_TYPE = YES_ERROR;
				GCC_WARN_UNDECLARED_SELECTOR = YES;
				GCC_WARN_UNINITIALIZED_AUTOS = YES_AGGRESSIVE;
				GCC_WARN_UNUSED_FUNCTION = YES;
				GCC_WARN_UNUSED_VARIABLE = YES;
				IPHONEOS_DEPLOYMENT_TARGET = 11.2;
				MTL_ENABLE_DEBUG_INFO = NO;
				SDKROOT = iphoneos;
				SWIFT_OPTIMIZATION_LEVEL = "-Owholemodule";
				VALIDATE_PRODUCT = YES;
			};
			name = Release;
		};
		57F2779A206F55B1008ABD08 /* Debug */ = {
			isa = XCBuildConfiguration;
			buildSettings = {
				ASSETCATALOG_COMPILER_APPICON_NAME = AppIcon;
				CODE_SIGN_STYLE = Automatic;
				DEVELOPMENT_TEAM = 7657RQC2ZW;
				INFOPLIST_FILE = "$(SRCROOT)/PitchPerfect/Supporting Files/Info.plist";
				LD_RUNPATH_SEARCH_PATHS = "$(inherited) @executable_path/Frameworks";
				PRODUCT_BUNDLE_IDENTIFIER = com.kodechamp.PitchPerfect;
				PRODUCT_NAME = "$(TARGET_NAME)";
				SWIFT_VERSION = 4.0;
				TARGETED_DEVICE_FAMILY = "1,2";
			};
			name = Debug;
		};
		57F2779B206F55B1008ABD08 /* Release */ = {
			isa = XCBuildConfiguration;
			buildSettings = {
				ASSETCATALOG_COMPILER_APPICON_NAME = AppIcon;
				CODE_SIGN_STYLE = Automatic;
				DEVELOPMENT_TEAM = 7657RQC2ZW;
				INFOPLIST_FILE = "$(SRCROOT)/PitchPerfect/Supporting Files/Info.plist";
				LD_RUNPATH_SEARCH_PATHS = "$(inherited) @executable_path/Frameworks";
				PRODUCT_BUNDLE_IDENTIFIER = com.kodechamp.PitchPerfect;
				PRODUCT_NAME = "$(TARGET_NAME)";
				SWIFT_VERSION = 4.0;
				TARGETED_DEVICE_FAMILY = "1,2";
			};
			name = Release;
		};
/* End XCBuildConfiguration section */

/* Begin XCConfigurationList section */
		57F27782206F55B1008ABD08 /* Build configuration list for PBXProject "PitchPerfect" */ = {
			isa = XCConfigurationList;
			buildConfigurations = (
				57F27797206F55B1008ABD08 /* Debug */,
				57F27798206F55B1008ABD08 /* Release */,
			);
			defaultConfigurationIsVisible = 0;
			defaultConfigurationName = Release;
		};
		57F27799206F55B1008ABD08 /* Build configuration list for PBXNativeTarget "PitchPerfect" */ = {
			isa = XCConfigurationList;
			buildConfigurations = (
				57F2779A206F55B1008ABD08 /* Debug */,
				57F2779B206F55B1008ABD08 /* Release */,
			);
			defaultConfigurationIsVisible = 0;
			defaultConfigurationName = Release;
		};
/* End XCConfigurationList section */
	};
	rootObject = 57F2777F206F55B1008ABD08 /* Project object */;
}
